
Microsoft Visual Studio Solution File, Format Version 12.00
# Visual Studio Version 16
VisualStudioVersion = 16.0.30225.117
MinimumVisualStudioVersion = 10.0.40219.1
Project("{FAE04EC0-301F-11D3-BF4B-00C04F79EFBC}") = "PieShop", "PieShop\PieShop.csproj", "{4EC246CD-8D21-4211-8A77-7C03F485196D}"
EndProject
Global
	GlobalSection(SolutionConfigurationPlatforms) = preSolution
		Debug|Any CPU = Debug|Any CPU
		Release|Any CPU = Release|Any CPU
	EndGlobalSection
	GlobalSection(ProjectConfigurationPlatforms) = postSolution
		{4EC246CD-8D21-4211-8A77-7C03F485196D}.Debug|Any CPU.ActiveCfg = Debug|Any CPU
		{4EC246CD-8D21-4211-8A77-7C03F485196D}.Debug|Any CPU.Build.0 = Debug|Any CPU
		{4EC246CD-8D21-4211-8A77-7C03F485196D}.Release|Any CPU.ActiveCfg = Release|Any CPU
		{4EC246CD-8D21-4211-8A77-7C03F485196D}.Release|Any CPU.Build.0 = Release|Any CPU
	EndGlobalSection
	GlobalSection(SolutionProperties) = preSolution
		HideSolutionNode = FALSE
	EndGlobalSection
	GlobalSection(ExtensibilityGlobals) = postSolution
		SolutionGuid = {A7721BE3-9368-4B13-AD08-63B07F721B13}
	EndGlobalSection
EndGlobal
